
Microsoft Visual Studio Solution File, Format Version 12.00
# Visual Studio Version 17
VisualStudioVersion = 17.0.32002.185
MinimumVisualStudioVersion = 10.0.40219.1
Project("{FAE04EC0-301F-11D3-BF4B-00C04F79EFBC}") = "Прошин", "Прошин\Прошин.csproj", "{B1DC3F56-A179-4656-8225-25FB8C982A06}"
EndProject
Global
	GlobalSection(SolutionConfigurationPlatforms) = preSolution
		Debug|Any CPU = Debug|Any CPU
		Release|Any CPU = Release|Any CPU
	EndGlobalSection
	GlobalSection(ProjectConfigurationPlatforms) = postSolution
		{B1DC3F56-A179-4656-8225-25FB8C982A06}.Debug|Any CPU.ActiveCfg = Debug|Any CPU
		{B1DC3F56-A179-4656-8225-25FB8C982A06}.Debug|Any CPU.Build.0 = Debug|Any CPU
		{B1DC3F56-A179-4656-8225-25FB8C982A06}.Release|Any CPU.ActiveCfg = Release|Any CPU
		{B1DC3F56-A179-4656-8225-25FB8C982A06}.Release|Any CPU.Build.0 = Release|Any CPU
	EndGlobalSection
	GlobalSection(SolutionProperties) = preSolution
		HideSolutionNode = FALSE
	EndGlobalSection
	GlobalSection(ExtensibilityGlobals) = postSolution
		SolutionGuid = {5930A29F-1777-4E34-B56E-A4E05307E933}
	EndGlobalSection
EndGlobal
